lockfileVersion: '9.0'

settings:
  autoInstallPeers: true
  excludeLinksFromLockfile: false

importers:

  .:
    dependencies:
      '@types/bun':
        specifier: ^1.1.11
        version: 1.1.11
      '@types/nunjucks':
        specifier: ^3.2.6
        version: 3.2.6
      nunjucks:
        specifier: ^3.2.4
        version: 3.2.4
      react:
        specifier: ^18.3.1
        version: 18.3.1
      react-dom:
        specifier: ^18.3.1
        version: 18.3.1(react@18.3.1)
      typescript:
        specifier: ^5.6.3
        version: 5.6.3

packages:

  '@types/bun@1.1.11':
    resolution: {integrity: sha512-0N7D/H/8sbf9JMkaG5F3+I/cB4TlhKTkO9EskEWP8XDr8aVcDe4EywSnU4cnyZy6tar1dq70NeFNkqMEUigthw==}

  '@types/node@20.12.14':
    resolution: {integrity: sha512-scnD59RpYD91xngrQQLGkE+6UrHUPzeKZWhhjBSa3HSkwjbQc38+q3RoIVEwxQGRw3M+j5hpNAM+lgV3cVormg==}

  '@types/nunjucks@3.2.6':
    resolution: {integrity: sha512-pHiGtf83na1nCzliuAdq8GowYiXvH5l931xZ0YEHaLMNFgynpEqx+IPStlu7UaDkehfvl01e4x/9Tpwhy7Ue3w==}

  '@types/ws@8.5.12':
    resolution: {integrity: sha512-3tPRkv1EtkDpzlgyKyI8pGsGZAGPEaXeu0DOj5DI25Ja91bdAYddYHbADRYVrZMRbfW+1l5YwXVDKohDJNQxkQ==}

  a-sync-waterfall@1.0.1:
    resolution: {integrity: sha512-RYTOHHdWipFUliRFMCS4X2Yn2X8M87V/OpSqWzKKOGhzqyUxzyVmhHDH9sAvG+ZuQf/TAOFsLCpMw09I1ufUnA==}

  asap@2.0.6:
    resolution: {integrity: sha512-BSHWgDSAiKs50o2Re8ppvp3seVHXSRM44cdSsT9FfNEUUZLOGWVCsiWaRPWM1Znn+mqZ1OfVZ3z3DWEzSp7hRA==}

  bun-types@1.1.30:
    resolution: {integrity: sha512-mGh7NLisOXskBU62DxLS+/nwmLlCYHYAkCzdo4DZ9+fzrpP41hAdOqaN4DO6tQfenHb4pYb0/shw29k4/6I2yQ==}

  commander@5.1.0:
    resolution: {integrity: sha512-P0CysNDQ7rtVw4QIQtm+MRxV66vKFSvlsQvGYXZWR3qFU0jlMKHZZZgw8e+8DSah4UDKMqnknRDQz+xuQXQ/Zg==}
    engines: {node: '>= 6'}

  js-tokens@4.0.0:
    resolution: {integrity: sha512-RdJUflcE3cUzKiMqQgsCu06FPu9UdIJO0beYbPhHN4k6apgJtifcoCtT9bcxOpYBtpD2kCM6Sbzg4CausW/PKQ==}

  loose-envify@1.4.0:
    resolution: {integrity: sha512-lyuxPGr/Wfhrlem2CL/UcnUc1zcqKAImBDzukY7Y5F/yQiNdko6+fRLevlw1HgMySw7f611UIY408EtxRSoK3Q==}
    hasBin: true

  nunjucks@3.2.4:
    resolution: {integrity: sha512-26XRV6BhkgK0VOxfbU5cQI+ICFUtMLixv1noZn1tGU38kQH5A5nmmbk/O45xdyBhD1esk47nKrY0mvQpZIhRjQ==}
    engines: {node: '>= 6.9.0'}
    hasBin: true
    peerDependencies:
      chokidar: ^3.3.0
    peerDependenciesMeta:
      chokidar:
        optional: true

  react-dom@18.3.1:
    resolution: {integrity: sha512-5m4nQKp+rZRb09LNH59GM4BxTh9251/ylbKIbpe7TpGxfJ+9kv6BLkLBXIjjspbgbnIBNqlI23tRnTWT0snUIw==}
    peerDependencies:
      react: ^18.3.1

  react@18.3.1:
    resolution: {integrity: sha512-wS+hAgJShR0KhEvPJArfuPVN1+Hz1t0Y6n5jLrGQbkb4urgPE/0Rve+1kMB1v/oWgHgm4WIcV+i7F2pTVj+2iQ==}
    engines: {node: '>=0.10.0'}

  scheduler@0.23.2:
    resolution: {integrity: sha512-UOShsPwz7NrMUqhR6t0hWjFduvOzbtv7toDH1/hIrfRNIDBnnBWd0CwJTGvTpngVlmwGCdP9/Zl/tVrDqcuYzQ==}

  typescript@5.6.3:
    resolution: {integrity: sha512-hjcS1mhfuyi4WW8IWtjP7brDrG2cuDZukyrYrSauoXGNgx0S7zceP07adYkJycEr56BOUTNPzbInooiN3fn1qw==}
    engines: {node: '>=14.17'}
    hasBin: true

  undici-types@5.26.5:
    resolution: {integrity: sha512-JlCMO+ehdEIKqlFxk6IfVoAUVmgz7cU7zD/h9XZ0qzeosSHmUJVOzSQvvYSYWXkFXC+IfLKSIffhv0sVZup6pA==}

snapshots:

  '@types/bun@1.1.11':
    dependencies:
      bun-types: 1.1.30

  '@types/node@20.12.14':
    dependencies:
      undici-types: 5.26.5

  '@types/nunjucks@3.2.6': {}

  '@types/ws@8.5.12':
    dependencies:
      '@types/node': 20.12.14

  a-sync-waterfall@1.0.1: {}

  asap@2.0.6: {}

  bun-types@1.1.30:
    dependencies:
      '@types/node': 20.12.14
      '@types/ws': 8.5.12

  commander@5.1.0: {}

  js-tokens@4.0.0: {}

  loose-envify@1.4.0:
    dependencies:
      js-tokens: 4.0.0

  nunjucks@3.2.4:
    dependencies:
      a-sync-waterfall: 1.0.1
      asap: 2.0.6
      commander: 5.1.0

  react-dom@18.3.1(react@18.3.1):
    dependencies:
      loose-envify: 1.4.0
      react: 18.3.1
      scheduler: 0.23.2

  react@18.3.1:
    dependencies:
      loose-envify: 1.4.0

  scheduler@0.23.2:
    dependencies:
      loose-envify: 1.4.0

  typescript@5.6.3: {}

  undici-types@5.26.5: {}
